
Microsoft Visual Studio Solution File, Format Version 12.00
# Visual Studio Version 16
VisualStudioVersion = 16.0.31410.357
MinimumVisualStudioVersion = 10.0.40219.1
Project("{FAE04EC0-301F-11D3-BF4B-00C04F79EFBC}") = "ColegioLibreria", "ColegioLibreria\ColegioLibreria.csproj", "{EAC7C8DC-1A72-4124-B52E-28C19727FD63}"
EndProject
Project("{FAE04EC0-301F-11D3-BF4B-00C04F79EFBC}") = "FormularioColegioApp", "FormularioColegioApp\FormularioColegioApp.csproj", "{47BD13CE-79B7-42F2-A96D-5C7059878506}"
EndProject
Global
	GlobalSection(SolutionConfigurationPlatforms) = preSolution
		Debug|Any CPU = Debug|Any CPU
		Release|Any CPU = Release|Any CPU
	EndGlobalSection
	GlobalSection(ProjectConfigurationPlatforms) = postSolution
		{EAC7C8DC-1A72-4124-B52E-28C19727FD63}.Debug|Any CPU.ActiveCfg = Debug|Any CPU
		{EAC7C8DC-1A72-4124-B52E-28C19727FD63}.Debug|Any CPU.Build.0 = Debug|Any CPU
		{EAC7C8DC-1A72-4124-B52E-28C19727FD63}.Release|Any CPU.ActiveCfg = Release|Any CPU
		{EAC7C8DC-1A72-4124-B52E-28C19727FD63}.Release|Any CPU.Build.0 = Release|Any CPU
		{47BD13CE-79B7-42F2-A96D-5C7059878506}.Debug|Any CPU.ActiveCfg = Debug|Any CPU
		{47BD13CE-79B7-42F2-A96D-5C7059878506}.Debug|Any CPU.Build.0 = Debug|Any CPU
		{47BD13CE-79B7-42F2-A96D-5C7059878506}.Release|Any CPU.ActiveCfg = Release|Any CPU
		{47BD13CE-79B7-42F2-A96D-5C7059878506}.Release|Any CPU.Build.0 = Release|Any CPU
	EndGlobalSection
	GlobalSection(SolutionProperties) = preSolution
		HideSolutionNode = FALSE
	EndGlobalSection
	GlobalSection(ExtensibilityGlobals) = postSolution
		SolutionGuid = {0E7EA70F-D5DF-4082-8BFA-161D172949A6}
	EndGlobalSection
EndGlobal
