
Microsoft Visual Studio Solution File, Format Version 12.00
# Visual Studio Version 16
VisualStudioVersion = 16.0.31410.357
MinimumVisualStudioVersion = 10.0.40219.1
Project("{FAE04EC0-301F-11D3-BF4B-00C04F79EFBC}") = "EssentialTraining", "EssentialTraining\EssentialTraining.csproj", "{46DCB308-F69B-4086-B486-DBF75C0BD1D1}"
EndProject
Project("{FAE04EC0-301F-11D3-BF4B-00C04F79EFBC}") = "EssentialTrainingTest", "EssentialTrainingTest\EssentialTrainingTest.csproj", "{69B7E168-5269-4E5F-B66A-AFD44AD82A39}"
EndProject
Global
	GlobalSection(SolutionConfigurationPlatforms) = preSolution
		Debug|Any CPU = Debug|Any CPU
		Release|Any CPU = Release|Any CPU
	EndGlobalSection
	GlobalSection(ProjectConfigurationPlatforms) = postSolution
		{46DCB308-F69B-4086-B486-DBF75C0BD1D1}.Debug|Any CPU.ActiveCfg = Debug|Any CPU
		{46DCB308-F69B-4086-B486-DBF75C0BD1D1}.Debug|Any CPU.Build.0 = Debug|Any CPU
		{46DCB308-F69B-4086-B486-DBF75C0BD1D1}.Release|Any CPU.ActiveCfg = Release|Any CPU
		{46DCB308-F69B-4086-B486-DBF75C0BD1D1}.Release|Any CPU.Build.0 = Release|Any CPU
		{69B7E168-5269-4E5F-B66A-AFD44AD82A39}.Debug|Any CPU.ActiveCfg = Debug|Any CPU
		{69B7E168-5269-4E5F-B66A-AFD44AD82A39}.Debug|Any CPU.Build.0 = Debug|Any CPU
		{69B7E168-5269-4E5F-B66A-AFD44AD82A39}.Release|Any CPU.ActiveCfg = Release|Any CPU
		{69B7E168-5269-4E5F-B66A-AFD44AD82A39}.Release|Any CPU.Build.0 = Release|Any CPU
	EndGlobalSection
	GlobalSection(SolutionProperties) = preSolution
		HideSolutionNode = FALSE
	EndGlobalSection
	GlobalSection(ExtensibilityGlobals) = postSolution
		SolutionGuid = {C13963AF-77BF-4BD8-8554-7C89F7F2D0C9}
	EndGlobalSection
EndGlobal
